// !$*UTF8*$!
{
	archiveVersion = 1;
	classes = {
	};
	objectVersion = 46;
	objects = {

/* Begin PBXBuildFile section */
		6A0EB0DC1EF8BCF10034C573 /* Destination.swift in Sources */ = {isa = PBXBuildFile; fileRef = 6A0EB0DB1EF8BCF10034C573 /* Destination.swift */; };
		6A0EB0E21EF8BFC20034C573 /* SearchAPI.swift in Sources */ = {isa = PBXBuildFile; fileRef = 6A0EB0E11EF8BFC20034C573 /* SearchAPI.swift */; };
		6A0EB0E41EFDB64F0034C573 /* Style.swift in Sources */ = {isa = PBXBuildFile; fileRef = 6A0EB0E31EFDB64F0034C573 /* Style.swift */; };
		6A0EB0E61EFDB7110034C573 /* ComponentView.swift in Sources */ = {isa = PBXBuildFile; fileRef = 6A0EB0E51EFDB7110034C573 /* ComponentView.swift */; };
		6A0EB0E81EFDB8170034C573 /* DestinationTableViewCell.swift in Sources */ = {isa = PBXBuildFile; fileRef = 6A0EB0E71EFDB8170034C573 /* DestinationTableViewCell.swift */; };
		6A0EB0EA1EFDC7970034C573 /* Sequence.swift in Sources */ = {isa = PBXBuildFile; fileRef = 6A0EB0E91EFDC7970034C573 /* Sequence.swift */; };
		6A0EB0EC1EFDCA060034C573 /* NavigatorViewController.swift in Sources */ = {isa = PBXBuildFile; fileRef = 6A0EB0EB1EFDCA060034C573 /* NavigatorViewController.swift */; };
		6A0EB0EE1EFDCA8A0034C573 /* NavigatorView.swift in Sources */ = {isa = PBXBuildFile; fileRef = 6A0EB0ED1EFDCA8A0034C573 /* NavigatorView.swift */; };
		6A0EB0F01EFDCAC20034C573 /* ArrowView.swift in Sources */ = {isa = PBXBuildFile; fileRef = 6A0EB0EF1EFDCAC20034C573 /* ArrowView.swift */; };
		6A0EB0F21EFDCEF50034C573 /* LocationStore.swift in Sources */ = {isa = PBXBuildFile; fileRef = 6A0EB0F11EFDCEF50034C573 /* LocationStore.swift */; };
		6A0EB0F41EFDCF610034C573 /* CoreLocation.framework in Frameworks */ = {isa = PBXBuildFile; fileRef = 6A0EB0F31EFDCF610034C573 /* CoreLocation.framework */; };
		6A0EB0F61F02A17C0034C573 /* Event.swift in Sources */ = {isa = PBXBuildFile; fileRef = 6A0EB0F51F02A17C0034C573 /* Event.swift */; };
		6A0EB0F81F0495190034C573 /* Tap.swift in Sources */ = {isa = PBXBuildFile; fileRef = 6A0EB0F71F0495190034C573 /* Tap.swift */; };
		6A7EABD41EF8ADE800EEE72F /* AppDelegate.swift in Sources */ = {isa = PBXBuildFile; fileRef = 6A7EABD31EF8ADE800EEE72F /* AppDelegate.swift */; };
		6A7EABD61EF8ADE800EEE72F /* HomeViewController.swift in Sources */ = {isa = PBXBuildFile; fileRef = 6A7EABD51EF8ADE800EEE72F /* HomeViewController.swift */; };
		6A7EABD91EF8ADE800EEE72F /* Main.storyboard in Resources */ = {isa = PBXBuildFile; fileRef = 6A7EABD71EF8ADE800EEE72F /* Main.storyboard */; };
		6A7EABDB1EF8ADE800EEE72F /* Assets.xcassets in Resources */ = {isa = PBXBuildFile; fileRef = 6A7EABDA1EF8ADE800EEE72F /* Assets.xcassets */; };
		6A7EABDE1EF8ADE800EEE72F /* LaunchScreen.storyboard in Resources */ = {isa = PBXBuildFile; fileRef = 6A7EABDC1EF8ADE800EEE72F /* LaunchScreen.storyboard */; };
		6A7EABE91EF8ADE800EEE72F /* FootstepsTests.swift in Sources */ = {isa = PBXBuildFile; fileRef = 6A7EABE81EF8ADE800EEE72F /* FootstepsTests.swift */; };
		6A7EABF81EF8AE0800EEE72F /* Views.swift in Sources */ = {isa = PBXBuildFile; fileRef = 6A7EABF71EF8AE0800EEE72F /* Views.swift */; };
		6A7EABFA1EF8AECC00EEE72F /* HomeView.swift in Sources */ = {isa = PBXBuildFile; fileRef = 6A7EABF91EF8AECC00EEE72F /* HomeView.swift */; };
		6A7EAC011EF8B3A800EEE72F /* MapKit.framework in Frameworks */ = {isa = PBXBuildFile; fileRef = 6A7EAC001EF8B3A800EEE72F /* MapKit.framework */; };
		6A7EAC061EF8B4DA00EEE72F /* SearchTextView.swift in Sources */ = {isa = PBXBuildFile; fileRef = 6A7EAC051EF8B4DA00EEE72F /* SearchTextView.swift */; };
/* End PBXBuildFile section */

/* Begin PBXContainerItemProxy section */
		6A7EABE51EF8ADE800EEE72F /* PBXContainerItemProxy */ = {
			isa = PBXContainerItemProxy;
			containerPortal = 6A7EABC81EF8ADE800EEE72F /* Project object */;
			proxyType = 1;
			remoteGlobalIDString = 6A7EABCF1EF8ADE800EEE72F;
			remoteInfo = Footsteps;
		};
/* End PBXContainerItemProxy section */

/* Begin PBXFileReference section */
		6A0EB0DB1EF8BCF10034C573 /* Destination.swift */ = {isa = PBXFileReference; fileEncoding = 4; lastKnownFileType = sourcecode.swift; path = Destination.swift; sourceTree = "<group>"; };
		6A0EB0E11EF8BFC20034C573 /* SearchAPI.swift */ = {isa = PBXFileReference; fileEncoding = 4; lastKnownFileType = sourcecode.swift; path = SearchAPI.swift; sourceTree = "<group>"; };
		6A0EB0E31EFDB64F0034C573 /* Style.swift */ = {isa = PBXFileReference; fileEncoding = 4; lastKnownFileType = sourcecode.swift; path = Style.swift; sourceTree = "<group>"; };
		6A0EB0E51EFDB7110034C573 /* ComponentView.swift */ = {isa = PBXFileReference; fileEncoding = 4; lastKnownFileType = sourcecode.swift; path = ComponentView.swift; sourceTree = "<group>"; };
		6A0EB0E71EFDB8170034C573 /* DestinationTableViewCell.swift */ = {isa = PBXFileReference; fileEncoding = 4; lastKnownFileType = sourcecode.swift; path = DestinationTableViewCell.swift; sourceTree = "<group>"; };
		6A0EB0E91EFDC7970034C573 /* Sequence.swift */ = {isa = PBXFileReference; fileEncoding = 4; lastKnownFileType = sourcecode.swift; path = Sequence.swift; sourceTree = "<group>"; };
		6A0EB0EB1EFDCA060034C573 /* NavigatorViewController.swift */ = {isa = PBXFileReference; fileEncoding = 4; lastKnownFileType = sourcecode.swift; path = NavigatorViewController.swift; sourceTree = "<group>"; };
		6A0EB0ED1EFDCA8A0034C573 /* NavigatorView.swift */ = {isa = PBXFileReference; fileEncoding = 4; lastKnownFileType = sourcecode.swift; path = NavigatorView.swift; sourceTree = "<group>"; };
		6A0EB0EF1EFDCAC20034C573 /* ArrowView.swift */ = {isa = PBXFileReference; fileEncoding = 4; lastKnownFileType = sourcecode.swift; path = ArrowView.swift; sourceTree = "<group>"; };
		6A0EB0F11EFDCEF50034C573 /* LocationStore.swift */ = {isa = PBXFileReference; fileEncoding = 4; lastKnownFileType = sourcecode.swift; path = LocationStore.swift; sourceTree = "<group>"; };
		6A0EB0F31EFDCF610034C573 /* CoreLocation.framework */ = {isa = PBXFileReference; lastKnownFileType = wrapper.framework; name = CoreLocation.framework; path = System/Library/Frameworks/CoreLocation.framework; sourceTree = SDKROOT; };
		6A0EB0F51F02A17C0034C573 /* Event.swift */ = {isa = PBXFileReference; fileEncoding = 4; lastKnownFileType = sourcecode.swift; path = Event.swift; sourceTree = "<group>"; };
		6A0EB0F71F0495190034C573 /* Tap.swift */ = {isa = PBXFileReference; fileEncoding = 4; lastKnownFileType = sourcecode.swift; path = Tap.swift; sourceTree = "<group>"; };
		6A7EABD01EF8ADE800EEE72F /* Footsteps.app */ = {isa = PBXFileReference; explicitFileType = wrapper.application; includeInIndex = 0; path = Footsteps.app; sourceTree = BUILT_PRODUCTS_DIR; };
		6A7EABD31EF8ADE800EEE72F /* AppDelegate.swift */ = {isa = PBXFileReference; lastKnownFileType = sourcecode.swift; path = AppDelegate.swift; sourceTree = "<group>"; };
		6A7EABD51EF8ADE800EEE72F /* HomeViewController.swift */ = {isa = PBXFileReference; lastKnownFileType = sourcecode.swift; path = HomeViewController.swift; sourceTree = "<group>"; };
		6A7EABD81EF8ADE800EEE72F /* Base */ = {isa = PBXFileReference; lastKnownFileType = file.storyboard; name = Base; path = Base.lproj/Main.storyboard; sourceTree = "<group>"; };
		6A7EABDA1EF8ADE800EEE72F /* Assets.xcassets */ = {isa = PBXFileReference; lastKnownFileType = folder.assetcatalog; path = Assets.xcassets; sourceTree = "<group>"; };
		6A7EABDD1EF8ADE800EEE72F /* Base */ = {isa = PBXFileReference; lastKnownFileType = file.storyboard; name = Base; path = Base.lproj/LaunchScreen.storyboard; sourceTree = "<group>"; };
		6A7EABDF1EF8ADE800EEE72F /* Info.plist */ = {isa = PBXFileReference; lastKnownFileType = text.plist.xml; path = Info.plist; sourceTree = "<group>"; };
		6A7EABE41EF8ADE800EEE72F /* FootstepsTests.xctest */ = {isa = PBXFileReference; explicitFileType = wrapper.cfbundle; includeInIndex = 0; path = FootstepsTests.xctest; sourceTree = BUILT_PRODUCTS_DIR; };
		6A7EABE81EF8ADE800EEE72F /* FootstepsTests.swift */ = {isa = PBXFileReference; lastKnownFileType = sourcecode.swift; path = FootstepsTests.swift; sourceTree = "<group>"; };
		6A7EABEA1EF8ADE800EEE72F /* Info.plist */ = {isa = PBXFileReference; lastKnownFileType = text.plist.xml; path = Info.plist; sourceTree = "<group>"; };
		6A7EABF71EF8AE0800EEE72F /* Views.swift */ = {isa = PBXFileReference; fileEncoding = 4; lastKnownFileType = sourcecode.swift; path = Views.swift; sourceTree = "<group>"; };
		6A7EABF91EF8AECC00EEE72F /* HomeView.swift */ = {isa = PBXFileReference; fileEncoding = 4; lastKnownFileType = sourcecode.swift; path = HomeView.swift; sourceTree = "<group>"; };
		6A7EAC001EF8B3A800EEE72F /* MapKit.framework */ = {isa = PBXFileReference; lastKnownFileType = wrapper.framework; name = MapKit.framework; path = System/Library/Frameworks/MapKit.framework; sourceTree = SDKROOT; };
		6A7EAC051EF8B4DA00EEE72F /* SearchTextView.swift */ = {isa = PBXFileReference; fileEncoding = 4; lastKnownFileType = sourcecode.swift; path = SearchTextView.swift; sourceTree = "<group>"; };
/* End PBXFileReference section */

/* Begin PBXFrameworksBuildPhase section */
		6A7EABCD1EF8ADE800EEE72F /* Frameworks */ = {
			isa = PBXFrameworksBuildPhase;
			buildActionMask = 2147483647;
			files = (
				6A0EB0F41EFDCF610034C573 /* CoreLocation.framework in Frameworks */,
				6A7EAC011EF8B3A800EEE72F /* MapKit.framework in Frameworks */,
			);
			runOnlyForDeploymentPostprocessing = 0;
		};
		6A7EABE11EF8ADE800EEE72F /* Frameworks */ = {
			isa = PBXFrameworksBuildPhase;
			buildActionMask = 2147483647;
			files = (
			);
			runOnlyForDeploymentPostprocessing = 0;
		};
/* End PBXFrameworksBuildPhase section */

/* Begin PBXGroup section */
		6A0EB0E01EF8BFB20034C573 /* API */ = {
			isa = PBXGroup;
			children = (
				6A0EB0E11EF8BFC20034C573 /* SearchAPI.swift */,
			);
			path = API;
			sourceTree = "<group>";
		};
		6A7EABC71EF8ADE800EEE72F = {
			isa = PBXGroup;
			children = (
				6A7EABD21EF8ADE800EEE72F /* Footsteps */,
				6A7EABE71EF8ADE800EEE72F /* FootstepsTests */,
				6A7EABD11EF8ADE800EEE72F /* Products */,
				6A7EABFF1EF8B3A800EEE72F /* Frameworks */,
			);
			sourceTree = "<group>";
		};
		6A7EABD11EF8ADE800EEE72F /* Products */ = {
			isa = PBXGroup;
			children = (
				6A7EABD01EF8ADE800EEE72F /* Footsteps.app */,
				6A7EABE41EF8ADE800EEE72F /* FootstepsTests.xctest */,
			);
			name = Products;
			sourceTree = "<group>";
		};
		6A7EABD21EF8ADE800EEE72F /* Footsteps */ = {
			isa = PBXGroup;
			children = (
				6A0EB0E01EF8BFB20034C573 /* API */,
				6A7EABF31EF8AE0200EEE72F /* Models */,
				6A7EABF41EF8AE0200EEE72F /* Utils */,
				6A7EABF51EF8AE0200EEE72F /* ViewControllers */,
				6A7EABF61EF8AE0200EEE72F /* Views */,
				6A7EABD31EF8ADE800EEE72F /* AppDelegate.swift */,
				6A7EABD71EF8ADE800EEE72F /* Main.storyboard */,
				6A7EABDA1EF8ADE800EEE72F /* Assets.xcassets */,
				6A7EABDC1EF8ADE800EEE72F /* LaunchScreen.storyboard */,
				6A7EABDF1EF8ADE800EEE72F /* Info.plist */,
				6A0EB0E31EFDB64F0034C573 /* Style.swift */,
				6A0EB0F11EFDCEF50034C573 /* LocationStore.swift */,
			);
			path = Footsteps;
			sourceTree = "<group>";
		};
		6A7EABE71EF8ADE800EEE72F /* FootstepsTests */ = {
			isa = PBXGroup;
			children = (
				6A7EABE81EF8ADE800EEE72F /* FootstepsTests.swift */,
				6A7EABEA1EF8ADE800EEE72F /* Info.plist */,
			);
			path = FootstepsTests;
			sourceTree = "<group>";
		};
		6A7EABF31EF8AE0200EEE72F /* Models */ = {
			isa = PBXGroup;
			children = (
				6A0EB0DB1EF8BCF10034C573 /* Destination.swift */,
			);
			path = Models;
			sourceTree = "<group>";
		};
		6A7EABF41EF8AE0200EEE72F /* Utils */ = {
			isa = PBXGroup;
			children = (
				6A7EABF71EF8AE0800EEE72F /* Views.swift */,
				6A0EB0E51EFDB7110034C573 /* ComponentView.swift */,
				6A0EB0E91EFDC7970034C573 /* Sequence.swift */,
				6A0EB0F51F02A17C0034C573 /* Event.swift */,
				6A0EB0F71F0495190034C573 /* Tap.swift */,
			);
			path = Utils;
			sourceTree = "<group>";
		};
		6A7EABF51EF8AE0200EEE72F /* ViewControllers */ = {
			isa = PBXGroup;
			children = (
				6A7EABD51EF8ADE800EEE72F /* HomeViewController.swift */,
				6A0EB0EB1EFDCA060034C573 /* NavigatorViewController.swift */,
			);
			path = ViewControllers;
			sourceTree = "<group>";
		};
		6A7EABF61EF8AE0200EEE72F /* Views */ = {
			isa = PBXGroup;
			children = (
				6A7EABF91EF8AECC00EEE72F /* HomeView.swift */,
				6A7EAC051EF8B4DA00EEE72F /* SearchTextView.swift */,
				6A0EB0E71EFDB8170034C573 /* DestinationTableViewCell.swift */,
				6A0EB0ED1EFDCA8A0034C573 /* NavigatorView.swift */,
				6A0EB0EF1EFDCAC20034C573 /* ArrowView.swift */,
			);
			path = Views;
			sourceTree = "<group>";
		};
		6A7EABFF1EF8B3A800EEE72F /* Frameworks */ = {
			isa = PBXGroup;
			children = (
				6A0EB0F31EFDCF610034C573 /* CoreLocation.framework */,
				6A7EAC001EF8B3A800EEE72F /* MapKit.framework */,
			);
			name = Frameworks;
			sourceTree = "<group>";
		};
/* End PBXGroup section */

/* Begin PBXNativeTarget section */
		6A7EABCF1EF8ADE800EEE72F /* Footsteps */ = {
			isa = PBXNativeTarget;
			buildConfigurationList = 6A7EABED1EF8ADE800EEE72F /* Build configuration list for PBXNativeTarget "Footsteps" */;
			buildPhases = (
				6A7EABCC1EF8ADE800EEE72F /* Sources */,
				6A7EABCD1EF8ADE800EEE72F /* Frameworks */,
				6A7EABCE1EF8ADE800EEE72F /* Resources */,
			);
			buildRules = (
			);
			dependencies = (
			);
			name = Footsteps;
			productName = Footsteps;
			productReference = 6A7EABD01EF8ADE800EEE72F /* Footsteps.app */;
			productType = "com.apple.product-type.application";
		};
		6A7EABE31EF8ADE800EEE72F /* FootstepsTests */ = {
			isa = PBXNativeTarget;
			buildConfigurationList = 6A7EABF01EF8ADE800EEE72F /* Build configuration list for PBXNativeTarget "FootstepsTests" */;
			buildPhases = (
				6A7EABE01EF8ADE800EEE72F /* Sources */,
				6A7EABE11EF8ADE800EEE72F /* Frameworks */,
				6A7EABE21EF8ADE800EEE72F /* Resources */,
			);
			buildRules = (
			);
			dependencies = (
				6A7EABE61EF8ADE800EEE72F /* PBXTargetDependency */,
			);
			name = FootstepsTests;
			productName = FootstepsTests;
			productReference = 6A7EABE41EF8ADE800EEE72F /* FootstepsTests.xctest */;
			productType = "com.apple.product-type.bundle.unit-test";
		};
/* End PBXNativeTarget section */

/* Begin PBXProject section */
		6A7EABC81EF8ADE800EEE72F /* Project object */ = {
			isa = PBXProject;
			attributes = {
				LastSwiftUpdateCheck = 0830;
				LastUpgradeCheck = 0830;
				ORGANIZATIONNAME = "John Gibb";
				TargetAttributes = {
					6A7EABCF1EF8ADE800EEE72F = {
						CreatedOnToolsVersion = 8.3;
						DevelopmentTeam = 27AL9QS4WL;
						ProvisioningStyle = Automatic;
					};
					6A7EABE31EF8ADE800EEE72F = {
						CreatedOnToolsVersion = 8.3;
						ProvisioningStyle = Automatic;
						TestTargetID = 6A7EABCF1EF8ADE800EEE72F;
					};
				};
			};
			buildConfigurationList = 6A7EABCB1EF8ADE800EEE72F /* Build configuration list for PBXProject "Footsteps" */;
			compatibilityVersion = "Xcode 3.2";
			developmentRegion = English;
			hasScannedForEncodings = 0;
			knownRegions = (
				en,
				Base,
			);
			mainGroup = 6A7EABC71EF8ADE800EEE72F;
			productRefGroup = 6A7EABD11EF8ADE800EEE72F /* Products */;
			projectDirPath = "";
			projectRoot = "";
			targets = (
				6A7EABCF1EF8ADE800EEE72F /* Footsteps */,
				6A7EABE31EF8ADE800EEE72F /* FootstepsTests */,
			);
		};
/* End PBXProject section */

/* Begin PBXResourcesBuildPhase section */
		6A7EABCE1EF8ADE800EEE72F /* Resources */ = {
			isa = PBXResourcesBuildPhase;
			buildActionMask = 2147483647;
			files = (
				6A7EABDE1EF8ADE800EEE72F /* LaunchScreen.storyboard in Resources */,
				6A7EABDB1EF8ADE800EEE72F /* Assets.xcassets in Resources */,
				6A7EABD91EF8ADE800EEE72F /* Main.storyboard in Resources */,
			);
			runOnlyForDeploymentPostprocessing = 0;
		};
		6A7EABE21EF8ADE800EEE72F /* Resources */ = {
			isa = PBXResourcesBuildPhase;
			buildActionMask = 2147483647;
			files = (
			);
			runOnlyForDeploymentPostprocessing = 0;
		};
/* End PBXResourcesBuildPhase section */

/* Begin PBXSourcesBuildPhase section */
		6A7EABCC1EF8ADE800EEE72F /* Sources */ = {
			isa = PBXSourcesBuildPhase;
			buildActionMask = 2147483647;
			files = (
				6A7EABD61EF8ADE800EEE72F /* HomeViewController.swift in Sources */,
				6A7EABFA1EF8AECC00EEE72F /* HomeView.swift in Sources */,
				6A7EABD41EF8ADE800EEE72F /* AppDelegate.swift in Sources */,
				6A0EB0EC1EFDCA060034C573 /* NavigatorViewController.swift in Sources */,
				6A0EB0DC1EF8BCF10034C573 /* Destination.swift in Sources */,
				6A0EB0F81F0495190034C573 /* Tap.swift in Sources */,
				6A0EB0F21EFDCEF50034C573 /* LocationStore.swift in Sources */,
				6A0EB0EE1EFDCA8A0034C573 /* NavigatorView.swift in Sources */,
				6A7EAC061EF8B4DA00EEE72F /* SearchTextView.swift in Sources */,
				6A0EB0F61F02A17C0034C573 /* Event.swift in Sources */,
				6A7EABF81EF8AE0800EEE72F /* Views.swift in Sources */,
				6A0EB0EA1EFDC7970034C573 /* Sequence.swift in Sources */,
				6A0EB0E81EFDB8170034C573 /* DestinationTableViewCell.swift in Sources */,
				6A0EB0E41EFDB64F0034C573 /* Style.swift in Sources */,
				6A0EB0E21EF8BFC20034C573 /* SearchAPI.swift in Sources */,
				6A0EB0F01EFDCAC20034C573 /* ArrowView.swift in Sources */,
				6A0EB0E61EFDB7110034C573 /* ComponentView.swift in Sources */,
			);
			runOnlyForDeploymentPostprocessing = 0;
		};
		6A7EABE01EF8ADE800EEE72F /* Sources */ = {
			isa = PBXSourcesBuildPhase;
			buildActionMask = 2147483647;
			files = (
				6A7EABE91EF8ADE800EEE72F /* FootstepsTests.swift in Sources */,
			);
			runOnlyForDeploymentPostprocessing = 0;
		};
/* End PBXSourcesBuildPhase section */

/* Begin PBXTargetDependency section */
		6A7EABE61EF8ADE800EEE72F /* PBXTargetDependency */ = {
			isa = PBXTargetDependency;
			target = 6A7EABCF1EF8ADE800EEE72F /* Footsteps */;
			targetProxy = 6A7EABE51EF8ADE800EEE72F /* PBXContainerItemProxy */;
		};
/* End PBXTargetDependency section */

/* Begin PBXVariantGroup section */
		6A7EABD71EF8ADE800EEE72F /* Main.storyboard */ = {
			isa = PBXVariantGroup;
			children = (
				6A7EABD81EF8ADE800EEE72F /* Base */,
			);
			name = Main.storyboard;
			sourceTree = "<group>";
		};
		6A7EABDC1EF8ADE800EEE72F /* LaunchScreen.storyboard */ = {
			isa = PBXVariantGroup;
			children = (
				6A7EABDD1EF8ADE800EEE72F /* Base */,
			);
			name = LaunchScreen.storyboard;
			sourceTree = "<group>";
		};
/* End PBXVariantGroup section */

/* Begin XCBuildConfiguration section */
		6A7EABEB1EF8ADE800EEE72F /* Debug */ = {
			isa = XCBuildConfiguration;
			buildSettings = {
				ALWAYS_SEARCH_USER_PATHS = NO;
				CLANG_ANALYZER_NONNULL = YES;
				CLANG_ANALYZER_NUMBER_OBJECT_CONVERSION = YES_AGGRESSIVE;
				CLANG_CXX_LANGUAGE_STANDARD = "gnu++0x";
				CLANG_CXX_LIBRARY = "libc++";
				CLANG_ENABLE_MODULES = YES;
				CLANG_ENABLE_OBJC_ARC = YES;
				CLANG_WARN_BOOL_CONVERSION = YES;
				CLANG_WARN_CONSTANT_CONVERSION = YES;
				CLANG_WARN_DIRECT_OBJC_ISA_USAGE = YES_ERROR;
				CLANG_WARN_DOCUMENTATION_COMMENTS = YES;
				CLANG_WARN_EMPTY_BODY = YES;
				CLANG_WARN_ENUM_CONVERSION = YES;
				CLANG_WARN_INFINITE_RECURSION = YES;
				CLANG_WARN_INT_CONVERSION = YES;
				CLANG_WARN_OBJC_ROOT_CLASS = YES_ERROR;
				CLANG_WARN_SUSPICIOUS_MOVE = YES;
				CLANG_WARN_UNREACHABLE_CODE = YES;
				CLANG_WARN__DUPLICATE_METHOD_MATCH = YES;
				"CODE_SIGN_IDENTITY[sdk=iphoneos*]" = "iPhone Developer";
				COPY_PHASE_STRIP = NO;
				DEBUG_INFORMATION_FORMAT = dwarf;
				ENABLE_STRICT_OBJC_MSGSEND = YES;
				ENABLE_TESTABILITY = YES;
				GCC_C_LANGUAGE_STANDARD = gnu99;
				GCC_DYNAMIC_NO_PIC = NO;
				GCC_NO_COMMON_BLOCKS = YES;
				GCC_OPTIMIZATION_LEVEL = 0;
				GCC_PREPROCESSOR_DEFINITIONS = (
					"DEBUG=1",
					"$(inherited)",
				);
				GCC_WARN_64_TO_32_BIT_CONVERSION = YES;
				GCC_WARN_ABOUT_RETURN_TYPE = YES_ERROR;
				GCC_WARN_UNDECLARED_SELECTOR = YES;
				GCC_WARN_UNINITIALIZED_AUTOS = YES_AGGRESSIVE;
				GCC_WARN_UNUSED_FUNCTION = YES;
				GCC_WARN_UNUSED_VARIABLE = YES;
				IPHONEOS_DEPLOYMENT_TARGET = 10.3;
				MTL_ENABLE_DEBUG_INFO = YES;
				ONLY_ACTIVE_ARCH = YES;
				SDKROOT = iphoneos;
				SWIFT_ACTIVE_COMPILATION_CONDITIONS = DEBUG;
				SWIFT_OPTIMIZATION_LEVEL = "-Onone";
			};
			name = Debug;
		};
		6A7EABEC1EF8ADE800EEE72F /* Release */ = {
			isa = XCBuildConfiguration;
			buildSettings = {
				ALWAYS_SEARCH_USER_PATHS = NO;
				CLANG_ANALYZER_NONNULL = YES;
				CLANG_ANALYZER_NUMBER_OBJECT_CONVERSION = YES_AGGRESSIVE;
				CLANG_CXX_LANGUAGE_STANDARD = "gnu++0x";
				CLANG_CXX_LIBRARY = "libc++";
				CLANG_ENABLE_MODULES = YES;
				CLANG_ENABLE_OBJC_ARC = YES;
				CLANG_WARN_BOOL_CONVERSION = YES;
				CLANG_WARN_CONSTANT_CONVERSION = YES;
				CLANG_WARN_DIRECT_OBJC_ISA_USAGE = YES_ERROR;
				CLANG_WARN_DOCUMENTATION_COMMENTS = YES;
				CLANG_WARN_EMPTY_BODY = YES;
				CLANG_WARN_ENUM_CONVERSION = YES;
				CLANG_WARN_INFINITE_RECURSION = YES;
				CLANG_WARN_INT_CONVERSION = YES;
				CLANG_WARN_OBJC_ROOT_CLASS = YES_ERROR;
				CLANG_WARN_SUSPICIOUS_MOVE = YES;
				CLANG_WARN_UNREACHABLE_CODE = YES;
				CLANG_WARN__DUPLICATE_METHOD_MATCH = YES;
				"CODE_SIGN_IDENTITY[sdk=iphoneos*]" = "iPhone Developer";
				COPY_PHASE_STRIP = NO;
				DEBUG_INFORMATION_FORMAT = "dwarf-with-dsym";
				ENABLE_NS_ASSERTIONS = NO;
				ENABLE_STRICT_OBJC_MSGSEND = YES;
				GCC_C_LANGUAGE_STANDARD = gnu99;
				GCC_NO_COMMON_BLOCKS = YES;
				GCC_WARN_64_TO_32_BIT_CONVERSION = YES;
				GCC_WARN_ABOUT_RETURN_TYPE = YES_ERROR;
				GCC_WARN_UNDECLARED_SELECTOR = YES;
				GCC_WARN_UNINITIALIZED_AUTOS = YES_AGGRESSIVE;
				GCC_WARN_UNUSED_FUNCTION = YES;
				GCC_WARN_UNUSED_VARIABLE = YES;
				IPHONEOS_DEPLOYMENT_TARGET = 10.3;
				MTL_ENABLE_DEBUG_INFO = NO;
				SDKROOT = iphoneos;
				SWIFT_OPTIMIZATION_LEVEL = "-Owholemodule";
				VALIDATE_PRODUCT = YES;
			};
			name = Release;
		};
		6A7EABEE1EF8ADE800EEE72F /* Debug */ = {
			isa = XCBuildConfiguration;
			buildSettings = {
				ASSETCATALOG_COMPILER_APPICON_NAME = AppIcon;
				DEVELOPMENT_TEAM = 27AL9QS4WL;
				INFOPLIST_FILE = Footsteps/Info.plist;
				LD_RUNPATH_SEARCH_PATHS = "$(inherited) @executable_path/Frameworks";
				PRODUCT_BUNDLE_IDENTIFIER = SDO.Footsteps;
				PRODUCT_NAME = "$(TARGET_NAME)";
				SWIFT_VERSION = 3.0;
			};
			name = Debug;
		};
		6A7EABEF1EF8ADE800EEE72F /* Release */ = {
			isa = XCBuildConfiguration;
			buildSettings = {
				ASSETCATALOG_COMPILER_APPICON_NAME = AppIcon;
				DEVELOPMENT_TEAM = 27AL9QS4WL;
				INFOPLIST_FILE = Footsteps/Info.plist;
				LD_RUNPATH_SEARCH_PATHS = "$(inherited) @executable_path/Frameworks";
				PRODUCT_BUNDLE_IDENTIFIER = SDO.Footsteps;
				PRODUCT_NAME = "$(TARGET_NAME)";
				SWIFT_VERSION = 3.0;
			};
			name = Release;
		};
		6A7EABF11EF8ADE800EEE72F /* Debug */ = {
			isa = XCBuildConfiguration;
			buildSettings = {
				ALWAYS_EMBED_SWIFT_STANDARD_LIBRARIES = YES;
				BUNDLE_LOADER = "$(TEST_HOST)";
				INFOPLIST_FILE = FootstepsTests/Info.plist;
				LD_RUNPATH_SEARCH_PATHS = "$(inherited) @executable_path/Frameworks @loader_path/Frameworks";
				PRODUCT_BUNDLE_IDENTIFIER = SDO.FootstepsTests;
				PRODUCT_NAME = "$(TARGET_NAME)";
				SWIFT_VERSION = 3.0;
				TEST_HOST = "$(BUILT_PRODUCTS_DIR)/Footsteps.app/Footsteps";
			};
			name = Debug;
		};
		6A7EABF21EF8ADE800EEE72F /* Release */ = {
			isa = XCBuildConfiguration;
			buildSettings = {
				ALWAYS_EMBED_SWIFT_STANDARD_LIBRARIES = YES;
				BUNDLE_LOADER = "$(TEST_HOST)";
				INFOPLIST_FILE = FootstepsTests/Info.plist;
				LD_RUNPATH_SEARCH_PATHS = "$(inherited) @executable_path/Frameworks @loader_path/Frameworks";
				PRODUCT_BUNDLE_IDENTIFIER = SDO.FootstepsTests;
				PRODUCT_NAME = "$(TARGET_NAME)";
				SWIFT_VERSION = 3.0;
				TEST_HOST = "$(BUILT_PRODUCTS_DIR)/Footsteps.app/Footsteps";
			};
			name = Release;
		};
/* End XCBuildConfiguration section */

/* Begin XCConfigurationList section */
		6A7EABCB1EF8ADE800EEE72F /* Build configuration list for PBXProject "Footsteps" */ = {
			isa = XCConfigurationList;
			buildConfigurations = (
				6A7EABEB1EF8ADE800EEE72F /* Debug */,
				6A7EABEC1EF8ADE800EEE72F /* Release */,
			);
			defaultConfigurationIsVisible = 0;
			defaultConfigurationName = Release;
		};
		6A7EABED1EF8ADE800EEE72F /* Build configuration list for PBXNativeTarget "Footsteps" */ = {
			isa = XCConfigurationList;
			buildConfigurations = (
				6A7EABEE1EF8ADE800EEE72F /* Debug */,
				6A7EABEF1EF8ADE800EEE72F /* Release */,
			);
			defaultConfigurationIsVisible = 0;
			defaultConfigurationName = Release;
		};
		6A7EABF01EF8ADE800EEE72F /* Build configuration list for PBXNativeTarget "FootstepsTests" */ = {
			isa = XCConfigurationList;
			buildConfigurations = (
				6A7EABF11EF8ADE800EEE72F /* Debug */,
				6A7EABF21EF8ADE800EEE72F /* Release */,
			);
			defaultConfigurationIsVisible = 0;
			defaultConfigurationName = Release;
		};
/* End XCConfigurationList section */
	};
	rootObject = 6A7EABC81EF8ADE800EEE72F /* Project object */;
}
